{
  "name": "reuse-tab",
  "version": "0.0.1",
  "lockfileVersion": 1,
  "requires": true,
  "dependencies": {
    "@angular/cdk": {
      "version": "8.2.3",
      "resolved": "https://registry.npm.taobao.org/@angular/cdk/download/@angular/cdk-8.2.3.tgz",
      "integrity": "sha1-Frlv+pNcv1pkZ1fsrysZxDRnj3I=",
      "requires": {
        "parse5": "^5.0.0",
        "tslib": "^1.7.1"
      },
      "dependencies": {
        "tslib": {
          "version": "1.10.0",
          "resolved": "https://registry.npm.taobao.org/tslib/download/tslib-1.10.0.tgz",
          "integrity": "sha1-w8GflZc/sKYpc/sJ2Q2WHuQ+XIo="
        }
      }
    },
    "@ant-design/colors": {
      "version": "3.2.2",
      "resolved": "https://registry.npm.taobao.org/@ant-design/colors/download/@ant-design/colors-3.2.2.tgz",
      "integrity": "sha1-WtQ9YZ6RHzSI66wwPWBuZqhCOQM=",
      "requires": {
        "tinycolor2": "^1.4.1"
      }
    },
    "@ant-design/icons-angular": {
      "version": "8.1.1",
      "resolved": "https://registry.npm.taobao.org/@ant-design/icons-angular/download/@ant-design/icons-angular-8.1.1.tgz",
      "integrity": "sha1-BoiXZKn+/tD2p/I8M6CrZJFrR58=",
      "requires": {
        "@ant-design/colors": "^3.1.0",
        "tslib": "^1.9.0"
      }
    },
    "@delon/acl": {
      "version": "8.6.0",
      "resolved": "https://registry.npm.taobao.org/@delon/acl/download/@delon/acl-8.6.0.tgz",
      "integrity": "sha1-n0hKpVfQsWE41dRG73nwNjoLrhg=",
      "requires": {
        "@delon/util": "^8.6.0",
        "tslib": "^1.9.0"
      }
    },
    "@delon/theme": {
      "version": "8.6.0",
      "resolved": "https://registry.npm.taobao.org/@delon/theme/download/@delon/theme-8.6.0.tgz",
      "integrity": "sha1-feB0G023UUeHbQc50aKh8wceKi4=",
      "requires": {
        "@delon/acl": "^8.6.0",
        "@delon/util": "^8.6.0",
        "ng-zorro-antd": "^8.5.0",
        "tslib": "^1.9.0"
      }
    },
    "@delon/util": {
      "version": "8.6.0",
      "resolved": "https://registry.npm.taobao.org/@delon/util/download/@delon/util-8.6.0.tgz",
      "integrity": "sha1-Q57GtgLuPqPHjRXA2+BqZ/TZO3k=",
      "requires": {
        "extend": "^3.0.0",
        "tslib": "^1.9.0"
      }
    },
    "date-fns": {
      "version": "1.30.1",
      "resolved": "https://registry.npm.taobao.org/date-fns/download/date-fns-1.30.1.tgz?cache=0&sync_timestamp=1574404231599&other_urls=https%3A%2F%2Fregistry.npm.taobao.org%2Fdate-fns%2Fdownload%2Fdate-fns-1.30.1.tgz",
      "integrity": "sha1-LnG/CxGRU9u0zE6I2epaz7UNwFw="
    },
    "extend": {
      "version": "3.0.2",
      "resolved": "https://registry.npm.taobao.org/extend/download/extend-3.0.2.tgz",
      "integrity": "sha1-+LETa0Bx+9jrFAr/hYsQGewpFfo="
    },
    "ng-zorro-antd": {
      "version": "8.5.2",
      "resolved": "https://registry.npm.taobao.org/ng-zorro-antd/download/ng-zorro-antd-8.5.2.tgz",
      "integrity": "sha1-V16oWnXfe/zIcS6C+BmzVfreays=",
      "requires": {
        "@angular/cdk": "^8.0.0",
        "@ant-design/icons-angular": "^8.0.2",
        "date-fns": "^1.30.1",
        "tslib": "^1.9.0"
      }
    },
    "parse5": {
      "version": "5.1.1",
      "resolved": "https://registry.npm.taobao.org/parse5/download/parse5-5.1.1.tgz",
      "integrity": "sha1-9o5OW6GFKsLK3AD0VV//bCq7YXg=",
      "optional": true
    },
    "tinycolor2": {
      "version": "1.4.1",
      "resolved": "https://registry.npm.taobao.org/tinycolor2/download/tinycolor2-1.4.1.tgz",
      "integrity": "sha1-9PrTM0R7wLB9TcjpIJ2POaisd+g="
    },
    "tslib": {
      "version": "1.10.0",
      "resolved": "https://registry.npm.taobao.org/tslib/download/tslib-1.10.0.tgz",
      "integrity": "sha1-w8GflZc/sKYpc/sJ2Q2WHuQ+XIo="
    }
  }
}
